<?xml version="1.0" encoding="utf-8"?>
<Project ToolsVersion="4.0" xmlns="http://schemas.microsoft.com/developer/msbuild/2003">
  <ItemGroup>
    <Filter Include="Исходные файлы">
      <UniqueIdentifier>{4FC737F1-C7A5-4376-A066-2A32D752A2FF}</UniqueIdentifier>
      <Extensions>cpp;c;cc;cxx;def;odl;idl;hpj;bat;asm;asmx</Extensions>
    </Filter>
    <Filter Include="Файлы заголовков">
      <UniqueIdentifier>{93995380-89BD-4b04-88EB-625FBE52EBFB}</UniqueIdentifier>
      <Extensions>h;hh;hpp;hxx;hm;inl;inc;ipp;xsd</Extensions>
    </Filter>
    <Filter Include="Файлы ресурсов">
      <UniqueIdentifier>{67DA6AB6-F800-4c08-8B7A-83BB121AAD01}</UniqueIdentifier>
      <Extensions>rc;ico;cur;bmp;dlg;rc2;rct;bin;rgs;gif;jpg;jpeg;jpe;resx;tiff;tif;png;wav;mfcribbon-ms</Extensions>
    </Filter>
    <Filter Include="Interfaces">
      <UniqueIdentifier>{395b7ad9-6b30-4707-8b97-e0eb7a7b372f}</UniqueIdentifier>
    </Filter>
    <Filter Include="Interfaces\Implementation">
      <UniqueIdentifier>{297a7b7a-5ecb-4f64-9cc0-ab0b98d1f29a}</UniqueIdentifier>
    </Filter>
  </ItemGroup>
  <ItemGroup>
    <ClCompile Include="main.cpp">
      <Filter>Исходные файлы</Filter>
    </ClCompile>
    <ClCompile Include="Unit.cpp">
      <Filter>Исходные файлы</Filter>
    </ClCompile>
    <ClCompile Include="Warrior.cpp">
      <Filter>Исходные файлы</Filter>
    </ClCompile>
    <ClCompile Include="Archer.cpp">
      <Filter>Исходные файлы</Filter>
    </ClCompile>
    <ClCompile Include="Mage.cpp">
      <Filter>Исходные файлы</Filter>
    </ClCompile>
    <ClCompile Include="ICanAttack.cpp">
      <Filter>Interfaces\Implementation</Filter>
    </ClCompile>
    <ClCompile Include="ICantAttack.cpp">
      <Filter>Interfaces\Implementation</Filter>
    </ClCompile>
  </ItemGroup>
  <ItemGroup>
    <ClInclude Include="Unit.h">
      <Filter>Файлы заголовков</Filter>
    </ClInclude>
    <ClInclude Include="Warrior.h">
      <Filter>Файлы заголовков</Filter>
    </ClInclude>
    <ClInclude Include="Archer.h">
      <Filter>Файлы заголовков</Filter>
    </ClInclude>
    <ClInclude Include="Mage.h">
      <Filter>Файлы заголовков</Filter>
    </ClInclude>
    <ClInclude Include="IAttack.h">
      <Filter>Interfaces</Filter>
    </ClInclude>
    <ClInclude Include="ICanAttack.h">
      <Filter>Interfaces\Implementation</Filter>
    </ClInclude>
    <ClInclude Include="ICantAttack.h">
      <Filter>Interfaces\Implementation</Filter>
    </ClInclude>
  </ItemGroup>
</Project>